
Microsoft Visual Studio Solution File, Format Version 12.00
# Visual Studio Version 17
VisualStudioVersion = 17.14.36408.4
MinimumVisualStudioVersion = 10.0.40219.1
Project("{FAE04EC0-301F-11D3-BF4B-00C04F79EFBC}") = "Clearning.Data.InMemory", "Clearning.Data.InMemory\Clearning.Data.InMemory.csproj", "{DF5BA751-F664-4AE6-9005-A4038CC95DAE}"
EndProject
Project("{FAE04EC0-301F-11D3-BF4B-00C04F79EFBC}") = "Clearning.Data.Interfaces", "Clearning.Data.Interfaces\Clearning.Data.Interfaces.csproj", "{A65ABC43-854C-4DED-A7A8-94EA930C5A10}"
EndProject
Project("{FAE04EC0-301F-11D3-BF4B-00C04F79EFBC}") = "Clearning.Data.JsonStorage", "Clearning.Data.JsonStorage\Clearning.Data.JsonStorage.csproj", "{8EB7172C-473B-4D02-84C2-B8430CC58FCC}"
EndProject
Project("{FAE04EC0-301F-11D3-BF4B-00C04F79EFBC}") = "Domain.Clearning", "Domain.Clearning\Domain.Clearning.csproj", "{88D91294-EA4D-4386-AB6C-4E14F372E578}"
EndProject
Project("{FAE04EC0-301F-11D3-BF4B-00C04F79EFBC}") = "UI.Clearning", "UI.Clearning\UI.Clearning.csproj", "{FC7F7114-B6C7-48C2-9A1C-6DCA0AE0BC2F}"
EndProject
Project("{FAE04EC0-301F-11D3-BF4B-00C04F79EFBC}") = "Clearning.Services", "Clearning.Services\Clearning.Services.csproj", "{B29B2C72-FB25-485D-8DD4-91C61A80E3D8}"
EndProject
Project("{FAE04EC0-301F-11D3-BF4B-00C04F79EFBC}") = "CleaningDB.Data.SqlServer", "CleaningDB.Data.MySql\CleaningDB.Data.SqlServer.csproj", "{C98800AF-3A0C-48A6-9C37-C6D9D80765A8}"
EndProject
Global
	GlobalSection(SolutionConfigurationPlatforms) = preSolution
		Debug|Any CPU = Debug|Any CPU
		Release|Any CPU = Release|Any CPU
	EndGlobalSection
	GlobalSection(ProjectConfigurationPlatforms) = postSolution
		{DF5BA751-F664-4AE6-9005-A4038CC95DAE}.Debug|Any CPU.ActiveCfg = Debug|Any CPU
		{DF5BA751-F664-4AE6-9005-A4038CC95DAE}.Debug|Any CPU.Build.0 = Debug|Any CPU
		{DF5BA751-F664-4AE6-9005-A4038CC95DAE}.Release|Any CPU.ActiveCfg = Release|Any CPU
		{DF5BA751-F664-4AE6-9005-A4038CC95DAE}.Release|Any CPU.Build.0 = Release|Any CPU
		{A65ABC43-854C-4DED-A7A8-94EA930C5A10}.Debug|Any CPU.ActiveCfg = Debug|Any CPU
		{A65ABC43-854C-4DED-A7A8-94EA930C5A10}.Debug|Any CPU.Build.0 = Debug|Any CPU
		{A65ABC43-854C-4DED-A7A8-94EA930C5A10}.Release|Any CPU.ActiveCfg = Release|Any CPU
		{A65ABC43-854C-4DED-A7A8-94EA930C5A10}.Release|Any CPU.Build.0 = Release|Any CPU
		{8EB7172C-473B-4D02-84C2-B8430CC58FCC}.Debug|Any CPU.ActiveCfg = Debug|Any CPU
		{8EB7172C-473B-4D02-84C2-B8430CC58FCC}.Debug|Any CPU.Build.0 = Debug|Any CPU
		{8EB7172C-473B-4D02-84C2-B8430CC58FCC}.Release|Any CPU.ActiveCfg = Release|Any CPU
		{8EB7172C-473B-4D02-84C2-B8430CC58FCC}.Release|Any CPU.Build.0 = Release|Any CPU
		{88D91294-EA4D-4386-AB6C-4E14F372E578}.Debug|Any CPU.ActiveCfg = Debug|Any CPU
		{88D91294-EA4D-4386-AB6C-4E14F372E578}.Debug|Any CPU.Build.0 = Debug|Any CPU
		{88D91294-EA4D-4386-AB6C-4E14F372E578}.Release|Any CPU.ActiveCfg = Release|Any CPU
		{88D91294-EA4D-4386-AB6C-4E14F372E578}.Release|Any CPU.Build.0 = Release|Any CPU
		{FC7F7114-B6C7-48C2-9A1C-6DCA0AE0BC2F}.Debug|Any CPU.ActiveCfg = Debug|Any CPU
		{FC7F7114-B6C7-48C2-9A1C-6DCA0AE0BC2F}.Debug|Any CPU.Build.0 = Debug|Any CPU
		{FC7F7114-B6C7-48C2-9A1C-6DCA0AE0BC2F}.Release|Any CPU.ActiveCfg = Release|Any CPU
		{FC7F7114-B6C7-48C2-9A1C-6DCA0AE0BC2F}.Release|Any CPU.Build.0 = Release|Any CPU
		{B29B2C72-FB25-485D-8DD4-91C61A80E3D8}.Debug|Any CPU.ActiveCfg = Debug|Any CPU
		{B29B2C72-FB25-485D-8DD4-91C61A80E3D8}.Debug|Any CPU.Build.0 = Debug|Any CPU
		{B29B2C72-FB25-485D-8DD4-91C61A80E3D8}.Release|Any CPU.ActiveCfg = Release|Any CPU
		{B29B2C72-FB25-485D-8DD4-91C61A80E3D8}.Release|Any CPU.Build.0 = Release|Any CPU
		{C98800AF-3A0C-48A6-9C37-C6D9D80765A8}.Debug|Any CPU.ActiveCfg = Debug|Any CPU
		{C98800AF-3A0C-48A6-9C37-C6D9D80765A8}.Debug|Any CPU.Build.0 = Debug|Any CPU
		{C98800AF-3A0C-48A6-9C37-C6D9D80765A8}.Release|Any CPU.ActiveCfg = Release|Any CPU
		{C98800AF-3A0C-48A6-9C37-C6D9D80765A8}.Release|Any CPU.Build.0 = Release|Any CPU
	EndGlobalSection
	GlobalSection(SolutionProperties) = preSolution
		HideSolutionNode = FALSE
	EndGlobalSection
	GlobalSection(ExtensibilityGlobals) = postSolution
		SolutionGuid = {E548052E-C6E6-4DD9-99C4-B1D27F02D294}
	EndGlobalSection
EndGlobal
